// !$*UTF8*$!
{
	archiveVersion = 1;
	classes = {
	};
	objectVersion = 50;
	objects = {

/* Begin PBXBuildFile section */
		C7CACE8523EDF3A200C3D827 /* AppDelegate.swift in Sources */ = {isa = PBXBuildFile; fileRef = C7CACE8423EDF3A200C3D827 /* AppDelegate.swift */; };
		C7CACE8723EDF3A200C3D827 /* ViewController.swift in Sources */ = {isa = PBXBuildFile; fileRef = C7CACE8623EDF3A200C3D827 /* ViewController.swift */; };
		C7CACE8A23EDF3A200C3D827 /* Main.storyboard in Resources */ = {isa = PBXBuildFile; fileRef = C7CACE8823EDF3A200C3D827 /* Main.storyboard */; };
		C7CACE8C23EDF3A500C3D827 /* Assets.xcassets in Resources */ = {isa = PBXBuildFile; fileRef = C7CACE8B23EDF3A500C3D827 /* Assets.xcassets */; };
		C7CACE8F23EDF3A500C3D827 /* LaunchScreen.storyboard in Resources */ = {isa = PBXBuildFile; fileRef = C7CACE8D23EDF3A500C3D827 /* LaunchScreen.storyboard */; };
		C7CACE9723EDF3BC00C3D827 /* DGFantasticView.swift in Sources */ = {isa = PBXBuildFile; fileRef = C7CACE9623EDF3BC00C3D827 /* DGFantasticView.swift */; };
/* End PBXBuildFile section */

/* Begin PBXFileReference section */
		C7CACE8123EDF3A200C3D827 /* DGFantastic.app */ = {isa = PBXFileReference; explicitFileType = wrapper.application; includeInIndex = 0; path = DGFantastic.app; sourceTree = BUILT_PRODUCTS_DIR; };
		C7CACE8423EDF3A200C3D827 /* AppDelegate.swift */ = {isa = PBXFileReference; lastKnownFileType = sourcecode.swift; path = AppDelegate.swift; sourceTree = "<group>"; };
		C7CACE8623EDF3A200C3D827 /* ViewController.swift */ = {isa = PBXFileReference; lastKnownFileType = sourcecode.swift; path = ViewController.swift; sourceTree = "<group>"; };
		C7CACE8923EDF3A200C3D827 /* Base */ = {isa = PBXFileReference; lastKnownFileType = file.storyboard; name = Base; path = Base.lproj/Main.storyboard; sourceTree = "<group>"; };
		C7CACE8B23EDF3A500C3D827 /* Assets.xcassets */ = {isa = PBXFileReference; lastKnownFileType = folder.assetcatalog; path = Assets.xcassets; sourceTree = "<group>"; };
		C7CACE8E23EDF3A500C3D827 /* Base */ = {isa = PBXFileReference; lastKnownFileType = file.storyboard; name = Base; path = Base.lproj/LaunchScreen.storyboard; sourceTree = "<group>"; };
		C7CACE9023EDF3A500C3D827 /* Info.plist */ = {isa = PBXFileReference; lastKnownFileType = text.plist.xml; path = Info.plist; sourceTree = "<group>"; };
		C7CACE9623EDF3BC00C3D827 /* DGFantasticView.swift */ = {isa = PBXFileReference; lastKnownFileType = sourcecode.swift; path = DGFantasticView.swift; sourceTree = "<group>"; };
/* End PBXFileReference section */

/* Begin PBXFrameworksBuildPhase section */
		C7CACE7E23EDF3A200C3D827 /* Frameworks */ = {
			isa = PBXFrameworksBuildPhase;
			buildActionMask = 2147483647;
			files = (
			);
			runOnlyForDeploymentPostprocessing = 0;
		};
/* End PBXFrameworksBuildPhase section */

/* Begin PBXGroup section */
		C7CACE7823EDF3A100C3D827 = {
			isa = PBXGroup;
			children = (
				C7CACE8323EDF3A200C3D827 /* DGFantastic */,
				C7CACE8223EDF3A200C3D827 /* Products */,
			);
			sourceTree = "<group>";
		};
		C7CACE8223EDF3A200C3D827 /* Products */ = {
			isa = PBXGroup;
			children = (
				C7CACE8123EDF3A200C3D827 /* DGFantastic.app */,
			);
			name = Products;
			sourceTree = "<group>";
		};
		C7CACE8323EDF3A200C3D827 /* DGFantastic */ = {
			isa = PBXGroup;
			children = (
				C7CACE8423EDF3A200C3D827 /* AppDelegate.swift */,
				C7CACE8623EDF3A200C3D827 /* ViewController.swift */,
				C7CACE8823EDF3A200C3D827 /* Main.storyboard */,
				C7CACE8B23EDF3A500C3D827 /* Assets.xcassets */,
				C7CACE8D23EDF3A500C3D827 /* LaunchScreen.storyboard */,
				C7CACE9023EDF3A500C3D827 /* Info.plist */,
				C7CACE9623EDF3BC00C3D827 /* DGFantasticView.swift */,
			);
			path = DGFantastic;
			sourceTree = "<group>";
		};
/* End PBXGroup section */

/* Begin PBXNativeTarget section */
		C7CACE8023EDF3A200C3D827 /* DGFantastic */ = {
			isa = PBXNativeTarget;
			buildConfigurationList = C7CACE9323EDF3A500C3D827 /* Build configuration list for PBXNativeTarget "DGFantastic" */;
			buildPhases = (
				C7CACE7D23EDF3A200C3D827 /* Sources */,
				C7CACE7E23EDF3A200C3D827 /* Frameworks */,
				C7CACE7F23EDF3A200C3D827 /* Resources */,
			);
			buildRules = (
			);
			dependencies = (
			);
			name = DGFantastic;
			productName = DGFantastic;
			productReference = C7CACE8123EDF3A200C3D827 /* DGFantastic.app */;
			productType = "com.apple.product-type.application";
		};
/* End PBXNativeTarget section */

/* Begin PBXProject section */
		C7CACE7923EDF3A100C3D827 /* Project object */ = {
			isa = PBXProject;
			attributes = {
				LastSwiftUpdateCheck = 1010;
				LastUpgradeCheck = 1010;
				ORGANIZATIONNAME = Gurpreet;
				TargetAttributes = {
					C7CACE8023EDF3A200C3D827 = {
						CreatedOnToolsVersion = 10.1;
					};
				};
			};
			buildConfigurationList = C7CACE7C23EDF3A100C3D827 /* Build configuration list for PBXProject "DGFantastic" */;
			compatibilityVersion = "Xcode 9.3";
			developmentRegion = en;
			hasScannedForEncodings = 0;
			knownRegions = (
				en,
				Base,
			);
			mainGroup = C7CACE7823EDF3A100C3D827;
			productRefGroup = C7CACE8223EDF3A200C3D827 /* Products */;
			projectDirPath = "";
			projectRoot = "";
			targets = (
				C7CACE8023EDF3A200C3D827 /* DGFantastic */,
			);
		};
/* End PBXProject section */

/* Begin PBXResourcesBuildPhase section */
		C7CACE7F23EDF3A200C3D827 /* Resources */ = {
			isa = PBXResourcesBuildPhase;
			buildActionMask = 2147483647;
			files = (
				C7CACE8F23EDF3A500C3D827 /* LaunchScreen.storyboard in Resources */,
				C7CACE8C23EDF3A500C3D827 /* Assets.xcassets in Resources */,
				C7CACE8A23EDF3A200C3D827 /* Main.storyboard in Resources */,
			);
			runOnlyForDeploymentPostprocessing = 0;
		};
/* End PBXResourcesBuildPhase section */

/* Begin PBXSourcesBuildPhase section */
		C7CACE7D23EDF3A200C3D827 /* Sources */ = {
			isa = PBXSourcesBuildPhase;
			buildActionMask = 2147483647;
			files = (
				C7CACE8723EDF3A200C3D827 /* ViewController.swift in Sources */,
				C7CACE8523EDF3A200C3D827 /* AppDelegate.swift in Sources */,
				C7CACE9723EDF3BC00C3D827 /* DGFantasticView.swift in Sources */,
			);
			runOnlyForDeploymentPostprocessing = 0;
		};
/* End PBXSourcesBuildPhase section */

/* Begin PBXVariantGroup section */
		C7CACE8823EDF3A200C3D827 /* Main.storyboard */ = {
			isa = PBXVariantGroup;
			children = (
				C7CACE8923EDF3A200C3D827 /* Base */,
			);
			name = Main.storyboard;
			sourceTree = "<group>";
		};
		C7CACE8D23EDF3A500C3D827 /* LaunchScreen.storyboard */ = {
			isa = PBXVariantGroup;
			children = (
				C7CACE8E23EDF3A500C3D827 /* Base */,
			);
			name = LaunchScreen.storyboard;
			sourceTree = "<group>";
		};
/* End PBXVariantGroup section */

/* Begin XCBuildConfiguration section */
		C7CACE9123EDF3A500C3D827 /* Debug */ = {
			isa = XCBuildConfiguration;
			buildSettings = {
				ALWAYS_SEARCH_USER_PATHS = NO;
				CLANG_ANALYZER_NONNULL = YES;
				CLANG_ANALYZER_NUMBER_OBJECT_CONVERSION = YES_AGGRESSIVE;
				CLANG_CXX_LANGUAGE_STANDARD = "gnu++14";
				CLANG_CXX_LIBRARY = "libc++";
				CLANG_ENABLE_MODULES = YES;
				CLANG_ENABLE_OBJC_ARC = YES;
				CLANG_ENABLE_OBJC_WEAK = YES;
				CLANG_WARN_BLOCK_CAPTURE_AUTORELEASING = YES;
				CLANG_WARN_BOOL_CONVERSION = YES;
				CLANG_WARN_COMMA = YES;
				CLANG_WARN_CONSTANT_CONVERSION = YES;
				CLANG_WARN_DEPRECATED_OBJC_IMPLEMENTATIONS = YES;
				CLANG_WARN_DIRECT_OBJC_ISA_USAGE = YES_ERROR;
				CLANG_WARN_DOCUMENTATION_COMMENTS = YES;
				CLANG_WARN_EMPTY_BODY = YES;
				CLANG_WARN_ENUM_CONVERSION = YES;
				CLANG_WARN_INFINITE_RECURSION = YES;
				CLANG_WARN_INT_CONVERSION = YES;
				CLANG_WARN_NON_LITERAL_NULL_CONVERSION = YES;
				CLANG_WARN_OBJC_IMPLICIT_RETAIN_SELF = YES;
				CLANG_WARN_OBJC_LITERAL_CONVERSION = YES;
				CLANG_WARN_OBJC_ROOT_CLASS = YES_ERROR;
				CLANG_WARN_RANGE_LOOP_ANALYSIS = YES;
				CLANG_WARN_STRICT_PROTOTYPES = YES;
				CLANG_WARN_SUSPICIOUS_MOVE = YES;
				CLANG_WARN_UNGUARDED_AVAILABILITY = YES_AGGRESSIVE;
				CLANG_WARN_UNREACHABLE_CODE = YES;
				CLANG_WARN__DUPLICATE_METHOD_MATCH = YES;
				CODE_SIGN_IDENTITY = "iPhone Developer";
				COPY_PHASE_STRIP = NO;
				DEBUG_INFORMATION_FORMAT = dwarf;
				ENABLE_STRICT_OBJC_MSGSEND = YES;
				ENABLE_TESTABILITY = YES;
				GCC_C_LANGUAGE_STANDARD = gnu11;
				GCC_DYNAMIC_NO_PIC = NO;
				GCC_NO_COMMON_BLOCKS = YES;
				GCC_OPTIMIZATION_LEVEL = 0;
				GCC_PREPROCESSOR_DEFINITIONS = (
					"DEBUG=1",
					"$(inherited)",
				);
				GCC_WARN_64_TO_32_BIT_CONVERSION = YES;
				GCC_WARN_ABOUT_RETURN_TYPE = YES_ERROR;
				GCC_WARN_UNDECLARED_SELECTOR = YES;
				GCC_WARN_UNINITIALIZED_AUTOS = YES_AGGRESSIVE;
				GCC_WARN_UNUSED_FUNCTION = YES;
				GCC_WARN_UNUSED_VARIABLE = YES;
				IPHONEOS_DEPLOYMENT_TARGET = 12.1;
				MTL_ENABLE_DEBUG_INFO = INCLUDE_SOURCE;
				MTL_FAST_MATH = YES;
				ONLY_ACTIVE_ARCH = YES;
				SDKROOT = iphoneos;
				SWIFT_ACTIVE_COMPILATION_CONDITIONS = DEBUG;
				SWIFT_OPTIMIZATION_LEVEL = "-Onone";
			};
			name = Debug;
		};
		C7CACE9223EDF3A500C3D827 /* Release */ = {
			isa = XCBuildConfiguration;
			buildSettings = {
				ALWAYS_SEARCH_USER_PATHS = NO;
				CLANG_ANALYZER_NONNULL = YES;
				CLANG_ANALYZER_NUMBER_OBJECT_CONVERSION = YES_AGGRESSIVE;
				CLANG_CXX_LANGUAGE_STANDARD = "gnu++14";
				CLANG_CXX_LIBRARY = "libc++";
				CLANG_ENABLE_MODULES = YES;
				CLANG_ENABLE_OBJC_ARC = YES;
				CLANG_ENABLE_OBJC_WEAK = YES;
				CLANG_WARN_BLOCK_CAPTURE_AUTORELEASING = YES;
				CLANG_WARN_BOOL_CONVERSION = YES;
				CLANG_WARN_COMMA = YES;
				CLANG_WARN_CONSTANT_CONVERSION = YES;
				CLANG_WARN_DEPRECATED_OBJC_IMPLEMENTATIONS = YES;
				CLANG_WARN_DIRECT_OBJC_ISA_USAGE = YES_ERROR;
				CLANG_WARN_DOCUMENTATION_COMMENTS = YES;
				CLANG_WARN_EMPTY_BODY = YES;
				CLANG_WARN_ENUM_CONVERSION = YES;
				CLANG_WARN_INFINITE_RECURSION = YES;
				CLANG_WARN_INT_CONVERSION = YES;
				CLANG_WARN_NON_LITERAL_NULL_CONVERSION = YES;
				CLANG_WARN_OBJC_IMPLICIT_RETAIN_SELF = YES;
				CLANG_WARN_OBJC_LITERAL_CONVERSION = YES;
				CLANG_WARN_OBJC_ROOT_CLASS = YES_ERROR;
				CLANG_WARN_RANGE_LOOP_ANALYSIS = YES;
				CLANG_WARN_STRICT_PROTOTYPES = YES;
				CLANG_WARN_SUSPICIOUS_MOVE = YES;
				CLANG_WARN_UNGUARDED_AVAILABILITY = YES_AGGRESSIVE;
				CLANG_WARN_UNREACHABLE_CODE = YES;
				CLANG_WARN__DUPLICATE_METHOD_MATCH = YES;
				CODE_SIGN_IDENTITY = "iPhone Developer";
				COPY_PHASE_STRIP = NO;
				DEBUG_INFORMATION_FORMAT = "dwarf-with-dsym";
				ENABLE_NS_ASSERTIONS = NO;
				ENABLE_STRICT_OBJC_MSGSEND = YES;
				GCC_C_LANGUAGE_STANDARD = gnu11;
				GCC_NO_COMMON_BLOCKS = YES;
				GCC_WARN_64_TO_32_BIT_CONVERSION = YES;
				GCC_WARN_ABOUT_RETURN_TYPE = YES_ERROR;
				GCC_WARN_UNDECLARED_SELECTOR = YES;
				GCC_WARN_UNINITIALIZED_AUTOS = YES_AGGRESSIVE;
				GCC_WARN_UNUSED_FUNCTION = YES;
				GCC_WARN_UNUSED_VARIABLE = YES;
				IPHONEOS_DEPLOYMENT_TARGET = 12.1;
				MTL_ENABLE_DEBUG_INFO = NO;
				MTL_FAST_MATH = YES;
				SDKROOT = iphoneos;
				SWIFT_COMPILATION_MODE = wholemodule;
				SWIFT_OPTIMIZATION_LEVEL = "-O";
				VALIDATE_PRODUCT = YES;
			};
			name = Release;
		};
		C7CACE9423EDF3A500C3D827 /* Debug */ = {
			isa = XCBuildConfiguration;
			buildSettings = {
				ASSETCATALOG_COMPILER_APPICON_NAME = AppIcon;
				CODE_SIGN_STYLE = Automatic;
				INFOPLIST_FILE = DGFantastic/Info.plist;
				LD_RUNPATH_SEARCH_PATHS = (
					"$(inherited)",
					"@executable_path/Frameworks",
				);
				PRODUCT_BUNDLE_IDENTIFIER = com.DGServices.DGFantastic;
				PRODUCT_NAME = "$(TARGET_NAME)";
				SWIFT_VERSION = 4.2;
				TARGETED_DEVICE_FAMILY = "1,2";
			};
			name = Debug;
		};
		C7CACE9523EDF3A500C3D827 /* Release */ = {
			isa = XCBuildConfiguration;
			buildSettings = {
				ASSETCATALOG_COMPILER_APPICON_NAME = AppIcon;
				CODE_SIGN_STYLE = Automatic;
				INFOPLIST_FILE = DGFantastic/Info.plist;
				LD_RUNPATH_SEARCH_PATHS = (
					"$(inherited)",
					"@executable_path/Frameworks",
				);
				PRODUCT_BUNDLE_IDENTIFIER = com.DGServices.DGFantastic;
				PRODUCT_NAME = "$(TARGET_NAME)";
				SWIFT_VERSION = 4.2;
				TARGETED_DEVICE_FAMILY = "1,2";
			};
			name = Release;
		};
/* End XCBuildConfiguration section */

/* Begin XCConfigurationList section */
		C7CACE7C23EDF3A100C3D827 /* Build configuration list for PBXProject "DGFantastic" */ = {
			isa = XCConfigurationList;
			buildConfigurations = (
				C7CACE9123EDF3A500C3D827 /* Debug */,
				C7CACE9223EDF3A500C3D827 /* Release */,
			);
			defaultConfigurationIsVisible = 0;
			defaultConfigurationName = Release;
		};
		C7CACE9323EDF3A500C3D827 /* Build configuration list for PBXNativeTarget "DGFantastic" */ = {
			isa = XCConfigurationList;
			buildConfigurations = (
				C7CACE9423EDF3A500C3D827 /* Debug */,
				C7CACE9523EDF3A500C3D827 /* Release */,
			);
			defaultConfigurationIsVisible = 0;
			defaultConfigurationName = Release;
		};
/* End XCConfigurationList section */
	};
	rootObject = C7CACE7923EDF3A100C3D827 /* Project object */;
}
